# THIS IS AN AUTOGENERATED FILE. DO NOT EDIT THIS FILE DIRECTLY.
# yarn lockfile v1


"@babel/runtime@^7.14.5", "@babel/runtime@^7.7.6":
  version "7.17.9"
  resolved "https://registry.npmjs.org/@babel/runtime/-/runtime-7.17.9.tgz#d19fbf802d01a8cb6cf053a64e472d42c434ba72"
  integrity sha512-lSiBBvodq29uShpWGNbgFdKYNiFDo5/HIYsaCEY9ff4sb10x9jizo2+pRrSyF4jKZCXqgzuqBOQKbUm90gQwJg==
  dependencies:
    regenerator-runtime "^0.13.4"

"@tarojs/api@3.4.5":
  version "3.4.5"
  resolved "https://registry.npmjs.org/@tarojs/api/-/api-3.4.5.tgz#e24bc01301d1fcddc72eeb6d212c9c3216744be2"
  integrity sha512-i9YCJ4/FU6TSe+u4T19Bx9ahL58ZyV+6Vw2xLqiEX1zcShFCPEGCDU3uPqC+B4/TCtzlGUgjWRIec9VgYbEXjw==
  dependencies:
    "@babel/runtime" "^7.14.5"
    "@tarojs/runtime" "3.4.5"

"@tarojs/router@3.4.5":
  version "3.4.5"
  resolved "https://registry.npmjs.org/@tarojs/router/-/router-3.4.5.tgz#d3a785a038e649d3445b9283390a38cd01567ddc"
  integrity sha512-9/p+0OCONJpbFx7iEtiCl8hM3hUq4OMU4OLY9G+B8Vo5FZ6SepcWPrKDBihNvVemxXxXL3Y++Y62Fh2H8O6I7w==
  dependencies:
    "@tarojs/runtime" "3.4.5"
    "@tarojs/taro" "3.4.5"
    history "^5.1.0"
    query-string "^7.1.1"
    universal-router "^8.3.0"

"@tarojs/runtime@3.4.5":
  version "3.4.5"
  resolved "https://registry.npmjs.org/@tarojs/runtime/-/runtime-3.4.5.tgz#6cb6773134e92543876db6f6b842e74716406e95"
  integrity sha512-wucT+Da/zjBRsAcFmVfK5FMEtyyy/MSpWrh2vXB+0DiCf1ZkGHth7qy5MM7jPQCvcK+DyW+WDzUEi4LkwnTBvA==
  dependencies:
    "@tarojs/shared" "3.4.5"
    inversify "5.1.1"
    lodash-es "4.17.15"
    reflect-metadata "^0.1.13"

"@tarojs/shared@3.4.5":
  version "3.4.5"
  resolved "https://registry.npmjs.org/@tarojs/shared/-/shared-3.4.5.tgz#a26553aadf9916ea9cd989b3afa7cb31de30a9f9"
  integrity sha512-qf5uj0nRXlKbFzPPmXGUiamAwwfQuu8wWsmttrk9tb+lJ5zowQqrct1xrb2CQFx5d8WLPKQ0f2EnZP9wG+Dk4Q==

"@tarojs/taro-h5@3.4.5":
  version "3.4.5"
  resolved "https://registry.npmjs.org/@tarojs/taro-h5/-/taro-h5-3.4.5.tgz#0fd82cd9551318407adb1d1778ea11908bfbd007"
  integrity sha512-tBUnaYAPgnAr0t8jBxwCiIwvrVsmX8Ls2totHeVP085VkelTBRa5xplHOAFxhfxL1u4u/LJr3sKg5oVLbOqlUw==
  dependencies:
    "@tarojs/api" "3.4.5"
    "@tarojs/router" "3.4.5"
    "@tarojs/runtime" "3.4.5"
    "@tarojs/taro" "3.4.5"
    base64-js "^1.3.0"
    jsonp-retry "^1.0.3"
    mobile-detect "^1.4.2"
    query-string "^7.1.1"
    whatwg-fetch "^3.4.0"

"@tarojs/taro@3.4.5", "@tarojs/taro@^3.4.5":
  version "3.4.5"
  resolved "https://registry.npmjs.org/@tarojs/taro/-/taro-3.4.5.tgz#ba57eff28f053632e023a6000585cbf5c9f349be"
  integrity sha512-m2Na8Oko8532odhPvd8e0hDzrtKaLZBb98I4ymcWYqYnbn4oFyu+HB3ecM43sGwi4y+4ka88y2302NIy1qUjwQ==
  dependencies:
    "@tarojs/api" "3.4.5"
    "@tarojs/runtime" "3.4.5"
    "@tarojs/taro-h5" "3.4.5"

base64-js@^1.3.0:
  version "1.5.1"
  resolved "https://registry.npmjs.org/base64-js/-/base64-js-1.5.1.tgz#1b1b440160a5bf7ad40b650f095963481903930a"
  integrity sha512-AKpaYlHn8t4SVbOHCy+b5+KKgvR4vrsD8vbvrbiQJps7fKDTkjkDry6ji0rUJjC0kzbNePLwzxq8iypo41qeWA==

decode-uri-component@^0.2.0:
  version "0.2.0"
  resolved "https://registry.npmjs.org/decode-uri-component/-/decode-uri-component-0.2.0.tgz#eb3913333458775cb84cd1a1fae062106bb87545"
  integrity sha1-6zkTMzRYd1y4TNGh+uBiEGu4dUU=

filter-obj@^1.1.0:
  version "1.1.0"
  resolved "https://registry.npmjs.org/filter-obj/-/filter-obj-1.1.0.tgz#9b311112bc6c6127a16e016c6c5d7f19e0805c5b"
  integrity sha1-mzERErxsYSehbgFsbF1/GeCAXFs=

history@^5.1.0:
  version "5.3.0"
  resolved "https://registry.npmjs.org/history/-/history-5.3.0.tgz#1548abaa245ba47992f063a0783db91ef201c73b"
  integrity sha512-ZqaKwjjrAYUYfLG+htGaIIZ4nioX2L70ZUMIFysS3xvBsSG4x/n1V6TXV3N8ZYNuFGlDirFg32T7B6WOUPDYcQ==
  dependencies:
    "@babel/runtime" "^7.7.6"

inversify@5.1.1:
  version "5.1.1"
  resolved "https://registry.npmjs.org/inversify/-/inversify-5.1.1.tgz#6fbd668c591337404e005a1946bfe0d802c08730"
  integrity sha512-j8grHGDzv1v+8T1sAQ+3boTCntFPfvxLCkNcxB1J8qA0lUN+fAlSyYd+RXKvaPRL4AGyPxViutBEJHNXOyUdFQ==

jsonp-retry@^1.0.3:
  version "1.0.3"
  resolved "https://registry.npmjs.org/jsonp-retry/-/jsonp-retry-1.0.3.tgz#9e6b18b02ec767a621dd44b4e99439a8a43a6419"
  integrity sha512-/jmE9+shtKP+oIt2AWO9Wx+C27NTGpLCEw4QHOqpoV2X6ta374HE9C+EEdgu8r3iLKgFMx7u5j0mCwxWN8UdlA==
  dependencies:
    object-assign "^4.1.1"

lodash-es@4.17.15:
  version "4.17.15"
  resolved "https://registry.npmjs.org/lodash-es/-/lodash-es-4.17.15.tgz#21bd96839354412f23d7a10340e5eac6ee455d78"
  integrity sha512-rlrc3yU3+JNOpZ9zj5pQtxnx2THmvRykwL4Xlxoa8I9lHBlVbbyPhgyPMioxVZ4NqyxaVVtaJnzsyOidQIhyyQ==

mobile-detect@^1.4.2:
  version "1.4.5"
  resolved "https://registry.npmjs.org/mobile-detect/-/mobile-detect-1.4.5.tgz#da393c3c413ca1a9bcdd9ced653c38281c0fb6ad"
  integrity sha512-yc0LhH6tItlvfLBugVUEtgawwFU2sIe+cSdmRJJCTMZ5GEJyLxNyC/NIOAOGk67Fa8GNpOttO3Xz/1bHpXFD/g==

object-assign@^4.1.1:
  version "4.1.1"
  resolved "https://registry.npmjs.org/object-assign/-/object-assign-4.1.1.tgz#2109adc7965887cfc05cbbd442cac8bfbb360863"
  integrity sha1-IQmtx5ZYh8/AXLvUQsrIv7s2CGM=

path-to-regexp@^3.1.0:
  version "3.2.0"
  resolved "https://registry.npmjs.org/path-to-regexp/-/path-to-regexp-3.2.0.tgz#fa7877ecbc495c601907562222453c43cc204a5f"
  integrity sha512-jczvQbCUS7XmS7o+y1aEO9OBVFeZBQ1MDSEqmO7xSoPgOPoowY/SxLpZ6Vh97/8qHZOteiCKb7gkG9gA2ZUxJA==

query-string@^7.1.1:
  version "7.1.1"
  resolved "https://registry.npmjs.org/query-string/-/query-string-7.1.1.tgz#754620669db978625a90f635f12617c271a088e1"
  integrity sha512-MplouLRDHBZSG9z7fpuAAcI7aAYjDLhtsiVZsevsfaHWDS2IDdORKbSd1kWUA+V4zyva/HZoSfpwnYMMQDhb0w==
  dependencies:
    decode-uri-component "^0.2.0"
    filter-obj "^1.1.0"
    split-on-first "^1.0.0"
    strict-uri-encode "^2.0.0"

reflect-metadata@^0.1.13:
  version "0.1.13"
  resolved "https://registry.npmjs.org/reflect-metadata/-/reflect-metadata-0.1.13.tgz#67ae3ca57c972a2aa1642b10fe363fe32d49dc08"
  integrity sha512-Ts1Y/anZELhSsjMcU605fU9RE4Oi3p5ORujwbIKXfWa+0Zxs510Qrmrce5/Jowq3cHSZSJqBjypxmHarc+vEWg==

regenerator-runtime@^0.13.4:
  version "0.13.9"
  resolved "https://registry.npmjs.org/regenerator-runtime/-/regenerator-runtime-0.13.9.tgz#8925742a98ffd90814988d7566ad30ca3b263b52"
  integrity sha512-p3VT+cOEgxFsRRA9X4lkI1E+k2/CtnKtU4gcxyaCUreilL/vqI6CdZ3wxVUx3UOUg+gnUOQQcRI7BmSI656MYA==

split-on-first@^1.0.0:
  version "1.1.0"
  resolved "https://registry.npmjs.org/split-on-first/-/split-on-first-1.1.0.tgz#f610afeee3b12bce1d0c30425e76398b78249a5f"
  integrity sha512-43ZssAJaMusuKWL8sKUBQXHWOpq8d6CfN/u1p4gUzfJkM05C8rxTmYrkIPTXapZpORA6LkkzcUulJ8FqA7Uudw==

strict-uri-encode@^2.0.0:
  version "2.0.0"
  resolved "https://registry.npmjs.org/strict-uri-encode/-/strict-uri-encode-2.0.0.tgz#b9c7330c7042862f6b142dc274bbcc5866ce3546"
  integrity sha1-ucczDHBChi9rFC3CdLvMWGbONUY=

universal-router@^8.3.0:
  version "8.3.0"
  resolved "https://registry.npmjs.org/universal-router/-/universal-router-8.3.0.tgz#533bce135d7b1abf591421c5d2028d54407a34a0"
  integrity sha512-cBkihRoHvRQAjdUnDE1GGuuw/TPAIi8z2pEsSmUVAWLeZdgjHzzAb1+0VOO6NvBOvySItOTQikzaGlRxRdJBnA==
  dependencies:
    path-to-regexp "^3.1.0"

whatwg-fetch@^3.4.0:
  version "3.6.2"
  resolved "https://registry.npmjs.org/whatwg-fetch/-/whatwg-fetch-3.6.2.tgz#dced24f37f2624ed0281725d51d0e2e3fe677f8c"
  integrity sha512-bJlen0FcuU/0EMLrdbJ7zOnW6ITZLrZMIarMUVmdKtsGvZna8vxKYaexICWPfZ8qwf9fzNq+UEIZrnSaApt6RA==
